
Microsoft Visual Studio Solution File, Format Version 12.00
# Visual Studio Version 17
VisualStudioVersion = 17.2.32516.85
MinimumVisualStudioVersion = 10.0.40219.1
Project("{FAE04EC0-301F-11D3-BF4B-00C04F79EFBC}") = "EscPosLib", "EscPosLib\EscPosLib.csproj", "{48173A9E-4AAF-4D20-8425-0D85DC0853E6}"
EndProject
Project("{FAE04EC0-301F-11D3-BF4B-00C04F79EFBC}") = "EscPosLibTest", "EscPosLibTest\EscPosLibTest.csproj", "{CDFCA71A-EB1B-4BDA-825D-073559B8F3BC}"
EndProject
Global
	GlobalSection(SolutionConfigurationPlatforms) = preSolution
		Debug|Any CPU = Debug|Any CPU
		Release|Any CPU = Release|Any CPU
	EndGlobalSection
	GlobalSection(ProjectConfigurationPlatforms) = postSolution
		{48173A9E-4AAF-4D20-8425-0D85DC0853E6}.Debug|Any CPU.ActiveCfg = Debug|Any CPU
		{48173A9E-4AAF-4D20-8425-0D85DC0853E6}.Debug|Any CPU.Build.0 = Debug|Any CPU
		{48173A9E-4AAF-4D20-8425-0D85DC0853E6}.Release|Any CPU.ActiveCfg = Release|Any CPU
		{48173A9E-4AAF-4D20-8425-0D85DC0853E6}.Release|Any CPU.Build.0 = Release|Any CPU
		{CDFCA71A-EB1B-4BDA-825D-073559B8F3BC}.Debug|Any CPU.ActiveCfg = Debug|Any CPU
		{CDFCA71A-EB1B-4BDA-825D-073559B8F3BC}.Debug|Any CPU.Build.0 = Debug|Any CPU
		{CDFCA71A-EB1B-4BDA-825D-073559B8F3BC}.Release|Any CPU.ActiveCfg = Release|Any CPU
		{CDFCA71A-EB1B-4BDA-825D-073559B8F3BC}.Release|Any CPU.Build.0 = Release|Any CPU
	EndGlobalSection
	GlobalSection(SolutionProperties) = preSolution
		HideSolutionNode = FALSE
	EndGlobalSection
	GlobalSection(ExtensibilityGlobals) = postSolution
		SolutionGuid = {CAE44E15-EB7D-4661-BDDC-08D6F3731E14}
	EndGlobalSection
EndGlobal
